
Microsoft Visual Studio Solution File, Format Version 12.00
# Visual Studio Version 16
VisualStudioVersion = 16.0.31613.86
MinimumVisualStudioVersion = 10.0.40219.1
Project("{FAE04EC0-301F-11D3-BF4B-00C04F79EFBC}") = "testTask", "testTask.csproj", "{B24B794A-422E-413E-B1D0-D815D70F5472}"
EndProject
Global
	GlobalSection(SolutionConfigurationPlatforms) = preSolution
		Debug|Any CPU = Debug|Any CPU
		Release|Any CPU = Release|Any CPU
	EndGlobalSection
	GlobalSection(ProjectConfigurationPlatforms) = postSolution
		{B24B794A-422E-413E-B1D0-D815D70F5472}.Debug|Any CPU.ActiveCfg = Debug|Any CPU
		{B24B794A-422E-413E-B1D0-D815D70F5472}.Debug|Any CPU.Build.0 = Debug|Any CPU
		{B24B794A-422E-413E-B1D0-D815D70F5472}.Release|Any CPU.ActiveCfg = Release|Any CPU
		{B24B794A-422E-413E-B1D0-D815D70F5472}.Release|Any CPU.Build.0 = Release|Any CPU
	EndGlobalSection
	GlobalSection(SolutionProperties) = preSolution
		HideSolutionNode = FALSE
	EndGlobalSection
	GlobalSection(ExtensibilityGlobals) = postSolution
		SolutionGuid = {D5822EB8-5580-4839-8A74-659671E170F9}
	EndGlobalSection
EndGlobal
